
Microsoft Visual Studio Solution File, Format Version 12.00
# Visual Studio Version 17
VisualStudioVersion = 17.6.33829.357
MinimumVisualStudioVersion = 10.0.40219.1
Project("{9A19103F-16F7-4668-BE54-9A1E7A4F7556}") = "01 Usd To Bgn Convertor", "Usd To Bgn Convertor\01 Usd To Bgn Convertor.csproj", "{00BE8400-2F0C-4564-9E77-02365843EDA6}"
EndProject
Project("{2150E333-8FDC-42A3-9474-1A3956D46DE8}") = "Programming Basics", "Programming Basics", "{87DDB97C-BE1F-41F9-B74A-E88E5CE5B0BC}"
EndProject
Project("{2150E333-8FDC-42A3-9474-1A3956D46DE8}") = "First steps in codding", "First steps in codding", "{B65550E1-02D1-4001-BE71-349A47A00BBB}"
EndProject
Project("{9A19103F-16F7-4668-BE54-9A1E7A4F7556}") = "02 radiansInDegrees", "02 radiansInDegrees\02 radiansInDegrees.csproj", "{A4CAD058-0214-424B-B395-AC10A1C59DE1}"
EndProject
Project("{9A19103F-16F7-4668-BE54-9A1E7A4F7556}") = "03 Calculator Deposits", "03 Calculator Deposits\03 Calculator Deposits.csproj", "{07482FB2-B706-4724-9877-B2FF0820F2C1}"
EndProject
Project("{9A19103F-16F7-4668-BE54-9A1E7A4F7556}") = "04 School Suplies", "04 School Suplies\04 School Suplies.csproj", "{3CAB6A2C-9B67-4797-A104-47BA728B6886}"
EndProject
Project("{2150E333-8FDC-42A3-9474-1A3956D46DE8}") = "If Else Conditions", "If Else Conditions", "{708880B6-55E3-4245-80E6-B1CEECF37B55}"
EndProject
Project("{9A19103F-16F7-4668-BE54-9A1E7A4F7556}") = "01 sum seconds", "01 sum seconds\01 sum seconds.csproj", "{14DDA68E-8C45-436F-8CDA-C84F2236B8D1}"
EndProject
Project("{9A19103F-16F7-4668-BE54-9A1E7A4F7556}") = "02 bonus points", "02 bonus points\02 bonus points.csproj", "{121E30B7-C550-44E2-8B15-619C659D8570}"
EndProject
Project("{9A19103F-16F7-4668-BE54-9A1E7A4F7556}") = "03 time plus 15 minutes", "time plus 15 minutes\03 time plus 15 minutes.csproj", "{F88BC984-525B-46CE-8B1D-58CFA4BF23CE}"
EndProject
Project("{9A19103F-16F7-4668-BE54-9A1E7A4F7556}") = "04 toy shop", "04 toy shop\04 toy shop.csproj", "{AD97F298-96F4-4523-8E06-E4931622AC8A}"
EndProject
Project("{2150E333-8FDC-42A3-9474-1A3956D46DE8}") = "Nested Loops", "Nested Loops", "{0D5F5D5C-F8B2-4E9D-BB28-DCC77C86C424}"
EndProject
Project("{9A19103F-16F7-4668-BE54-9A1E7A4F7556}") = "01_Cinema", "01_Cinema\01_Cinema.csproj", "{D14DC07E-C2AA-4AB1-A4A9-5649C09C5DB8}"
EndProject
Project("{9A19103F-16F7-4668-BE54-9A1E7A4F7556}") = "02_SummerOutfits", "02_SummerOutfits\02_SummerOutfits.csproj", "{30CF74DA-D31C-45F8-B132-395EB33161AD}"
EndProject
Project("{9A19103F-16F7-4668-BE54-9A1E7A4F7556}") = "03_EvenNumbers", "03_EvenNumbers\03_EvenNumbers.csproj", "{B08FFC45-BE4B-4F24-9D81-B1DBB963DD58}"
EndProject
Project("{2150E333-8FDC-42A3-9474-1A3956D46DE8}") = "For Cycle", "For Cycle", "{38BC2A2B-0A31-4EBD-826F-7980600333AD}"
EndProject
Project("{FAE04EC0-301F-11D3-BF4B-00C04F79EFBC}") = "01_Numbers from 1 to 1000 that ends on 7", "01_Numbers from 1 to 1000 that ends on 7\01_Numbers from 1 to 1000 that ends on 7.csproj", "{71A95A64-78B3-4211-AC83-CB8CF38C4DEE}"
EndProject
Project("{FAE04EC0-301F-11D3-BF4B-00C04F79EFBC}") = "02_SmartLilly", "02_SmartLilly\02_SmartLilly.csproj", "{EF215A0C-DE9F-4353-8973-DB200F50E732}"
EndProject
Project("{FAE04EC0-301F-11D3-BF4B-00C04F79EFBC}") = "03_SalaryFine", "03_SalaryFine\03_SalaryFine.csproj", "{396530C3-7287-4DCB-9313-D72FADE4699E}"
EndProject
Project("{FAE04EC0-301F-11D3-BF4B-00C04F79EFBC}") = "04_WorldTennisRanglist", "04_WorldTennisRanglist\04_WorldTennisRanglist.csproj", "{6D1694C5-0F67-48F0-8764-5921A5E9F31A}"
EndProject
Global
	GlobalSection(SolutionConfigurationPlatforms) = preSolution
		Debug|Any CPU = Debug|Any CPU
		Release|Any CPU = Release|Any CPU
	EndGlobalSection
	GlobalSection(ProjectConfigurationPlatforms) = postSolution
		{00BE8400-2F0C-4564-9E77-02365843EDA6}.Debug|Any CPU.ActiveCfg = Debug|Any CPU
		{00BE8400-2F0C-4564-9E77-02365843EDA6}.Debug|Any CPU.Build.0 = Debug|Any CPU
		{00BE8400-2F0C-4564-9E77-02365843EDA6}.Release|Any CPU.ActiveCfg = Release|Any CPU
		{00BE8400-2F0C-4564-9E77-02365843EDA6}.Release|Any CPU.Build.0 = Release|Any CPU
		{A4CAD058-0214-424B-B395-AC10A1C59DE1}.Debug|Any CPU.ActiveCfg = Debug|Any CPU
		{A4CAD058-0214-424B-B395-AC10A1C59DE1}.Debug|Any CPU.Build.0 = Debug|Any CPU
		{A4CAD058-0214-424B-B395-AC10A1C59DE1}.Release|Any CPU.ActiveCfg = Release|Any CPU
		{A4CAD058-0214-424B-B395-AC10A1C59DE1}.Release|Any CPU.Build.0 = Release|Any CPU
		{07482FB2-B706-4724-9877-B2FF0820F2C1}.Debug|Any CPU.ActiveCfg = Debug|Any CPU
		{07482FB2-B706-4724-9877-B2FF0820F2C1}.Debug|Any CPU.Build.0 = Debug|Any CPU
		{07482FB2-B706-4724-9877-B2FF0820F2C1}.Release|Any CPU.ActiveCfg = Release|Any CPU
		{07482FB2-B706-4724-9877-B2FF0820F2C1}.Release|Any CPU.Build.0 = Release|Any CPU
		{3CAB6A2C-9B67-4797-A104-47BA728B6886}.Debug|Any CPU.ActiveCfg = Debug|Any CPU
		{3CAB6A2C-9B67-4797-A104-47BA728B6886}.Debug|Any CPU.Build.0 = Debug|Any CPU
		{3CAB6A2C-9B67-4797-A104-47BA728B6886}.Release|Any CPU.ActiveCfg = Release|Any CPU
		{3CAB6A2C-9B67-4797-A104-47BA728B6886}.Release|Any CPU.Build.0 = Release|Any CPU
		{14DDA68E-8C45-436F-8CDA-C84F2236B8D1}.Debug|Any CPU.ActiveCfg = Debug|Any CPU
		{14DDA68E-8C45-436F-8CDA-C84F2236B8D1}.Debug|Any CPU.Build.0 = Debug|Any CPU
		{14DDA68E-8C45-436F-8CDA-C84F2236B8D1}.Release|Any CPU.ActiveCfg = Release|Any CPU
		{14DDA68E-8C45-436F-8CDA-C84F2236B8D1}.Release|Any CPU.Build.0 = Release|Any CPU
		{121E30B7-C550-44E2-8B15-619C659D8570}.Debug|Any CPU.ActiveCfg = Debug|Any CPU
		{121E30B7-C550-44E2-8B15-619C659D8570}.Debug|Any CPU.Build.0 = Debug|Any CPU
		{121E30B7-C550-44E2-8B15-619C659D8570}.Release|Any CPU.ActiveCfg = Release|Any CPU
		{121E30B7-C550-44E2-8B15-619C659D8570}.Release|Any CPU.Build.0 = Release|Any CPU
		{F88BC984-525B-46CE-8B1D-58CFA4BF23CE}.Debug|Any CPU.ActiveCfg = Debug|Any CPU
		{F88BC984-525B-46CE-8B1D-58CFA4BF23CE}.Debug|Any CPU.Build.0 = Debug|Any CPU
		{F88BC984-525B-46CE-8B1D-58CFA4BF23CE}.Release|Any CPU.ActiveCfg = Release|Any CPU
		{F88BC984-525B-46CE-8B1D-58CFA4BF23CE}.Release|Any CPU.Build.0 = Release|Any CPU
		{AD97F298-96F4-4523-8E06-E4931622AC8A}.Debug|Any CPU.ActiveCfg = Debug|Any CPU
		{AD97F298-96F4-4523-8E06-E4931622AC8A}.Debug|Any CPU.Build.0 = Debug|Any CPU
		{AD97F298-96F4-4523-8E06-E4931622AC8A}.Release|Any CPU.ActiveCfg = Release|Any CPU
		{AD97F298-96F4-4523-8E06-E4931622AC8A}.Release|Any CPU.Build.0 = Release|Any CPU
		{D14DC07E-C2AA-4AB1-A4A9-5649C09C5DB8}.Debug|Any CPU.ActiveCfg = Debug|Any CPU
		{D14DC07E-C2AA-4AB1-A4A9-5649C09C5DB8}.Debug|Any CPU.Build.0 = Debug|Any CPU
		{D14DC07E-C2AA-4AB1-A4A9-5649C09C5DB8}.Release|Any CPU.ActiveCfg = Release|Any CPU
		{D14DC07E-C2AA-4AB1-A4A9-5649C09C5DB8}.Release|Any CPU.Build.0 = Release|Any CPU
		{30CF74DA-D31C-45F8-B132-395EB33161AD}.Debug|Any CPU.ActiveCfg = Debug|Any CPU
		{30CF74DA-D31C-45F8-B132-395EB33161AD}.Debug|Any CPU.Build.0 = Debug|Any CPU
		{30CF74DA-D31C-45F8-B132-395EB33161AD}.Release|Any CPU.ActiveCfg = Release|Any CPU
		{30CF74DA-D31C-45F8-B132-395EB33161AD}.Release|Any CPU.Build.0 = Release|Any CPU
		{B08FFC45-BE4B-4F24-9D81-B1DBB963DD58}.Debug|Any CPU.ActiveCfg = Debug|Any CPU
		{B08FFC45-BE4B-4F24-9D81-B1DBB963DD58}.Debug|Any CPU.Build.0 = Debug|Any CPU
		{B08FFC45-BE4B-4F24-9D81-B1DBB963DD58}.Release|Any CPU.ActiveCfg = Release|Any CPU
		{B08FFC45-BE4B-4F24-9D81-B1DBB963DD58}.Release|Any CPU.Build.0 = Release|Any CPU
		{71A95A64-78B3-4211-AC83-CB8CF38C4DEE}.Debug|Any CPU.ActiveCfg = Debug|Any CPU
		{71A95A64-78B3-4211-AC83-CB8CF38C4DEE}.Debug|Any CPU.Build.0 = Debug|Any CPU
		{71A95A64-78B3-4211-AC83-CB8CF38C4DEE}.Release|Any CPU.ActiveCfg = Release|Any CPU
		{71A95A64-78B3-4211-AC83-CB8CF38C4DEE}.Release|Any CPU.Build.0 = Release|Any CPU
		{EF215A0C-DE9F-4353-8973-DB200F50E732}.Debug|Any CPU.ActiveCfg = Debug|Any CPU
		{EF215A0C-DE9F-4353-8973-DB200F50E732}.Debug|Any CPU.Build.0 = Debug|Any CPU
		{EF215A0C-DE9F-4353-8973-DB200F50E732}.Release|Any CPU.ActiveCfg = Release|Any CPU
		{EF215A0C-DE9F-4353-8973-DB200F50E732}.Release|Any CPU.Build.0 = Release|Any CPU
		{396530C3-7287-4DCB-9313-D72FADE4699E}.Debug|Any CPU.ActiveCfg = Debug|Any CPU
		{396530C3-7287-4DCB-9313-D72FADE4699E}.Debug|Any CPU.Build.0 = Debug|Any CPU
		{396530C3-7287-4DCB-9313-D72FADE4699E}.Release|Any CPU.ActiveCfg = Release|Any CPU
		{396530C3-7287-4DCB-9313-D72FADE4699E}.Release|Any CPU.Build.0 = Release|Any CPU
		{6D1694C5-0F67-48F0-8764-5921A5E9F31A}.Debug|Any CPU.ActiveCfg = Debug|Any CPU
		{6D1694C5-0F67-48F0-8764-5921A5E9F31A}.Debug|Any CPU.Build.0 = Debug|Any CPU
		{6D1694C5-0F67-48F0-8764-5921A5E9F31A}.Release|Any CPU.ActiveCfg = Release|Any CPU
		{6D1694C5-0F67-48F0-8764-5921A5E9F31A}.Release|Any CPU.Build.0 = Release|Any CPU
	EndGlobalSection
	GlobalSection(SolutionProperties) = preSolution
		HideSolutionNode = FALSE
	EndGlobalSection
	GlobalSection(NestedProjects) = preSolution
		{00BE8400-2F0C-4564-9E77-02365843EDA6} = {B65550E1-02D1-4001-BE71-349A47A00BBB}
		{B65550E1-02D1-4001-BE71-349A47A00BBB} = {87DDB97C-BE1F-41F9-B74A-E88E5CE5B0BC}
		{A4CAD058-0214-424B-B395-AC10A1C59DE1} = {B65550E1-02D1-4001-BE71-349A47A00BBB}
		{07482FB2-B706-4724-9877-B2FF0820F2C1} = {B65550E1-02D1-4001-BE71-349A47A00BBB}
		{3CAB6A2C-9B67-4797-A104-47BA728B6886} = {B65550E1-02D1-4001-BE71-349A47A00BBB}
		{708880B6-55E3-4245-80E6-B1CEECF37B55} = {87DDB97C-BE1F-41F9-B74A-E88E5CE5B0BC}
		{14DDA68E-8C45-436F-8CDA-C84F2236B8D1} = {708880B6-55E3-4245-80E6-B1CEECF37B55}
		{121E30B7-C550-44E2-8B15-619C659D8570} = {708880B6-55E3-4245-80E6-B1CEECF37B55}
		{F88BC984-525B-46CE-8B1D-58CFA4BF23CE} = {708880B6-55E3-4245-80E6-B1CEECF37B55}
		{AD97F298-96F4-4523-8E06-E4931622AC8A} = {708880B6-55E3-4245-80E6-B1CEECF37B55}
		{0D5F5D5C-F8B2-4E9D-BB28-DCC77C86C424} = {87DDB97C-BE1F-41F9-B74A-E88E5CE5B0BC}
		{D14DC07E-C2AA-4AB1-A4A9-5649C09C5DB8} = {0D5F5D5C-F8B2-4E9D-BB28-DCC77C86C424}
		{30CF74DA-D31C-45F8-B132-395EB33161AD} = {0D5F5D5C-F8B2-4E9D-BB28-DCC77C86C424}
		{B08FFC45-BE4B-4F24-9D81-B1DBB963DD58} = {0D5F5D5C-F8B2-4E9D-BB28-DCC77C86C424}
		{38BC2A2B-0A31-4EBD-826F-7980600333AD} = {87DDB97C-BE1F-41F9-B74A-E88E5CE5B0BC}
		{71A95A64-78B3-4211-AC83-CB8CF38C4DEE} = {38BC2A2B-0A31-4EBD-826F-7980600333AD}
		{EF215A0C-DE9F-4353-8973-DB200F50E732} = {38BC2A2B-0A31-4EBD-826F-7980600333AD}
		{396530C3-7287-4DCB-9313-D72FADE4699E} = {38BC2A2B-0A31-4EBD-826F-7980600333AD}
		{6D1694C5-0F67-48F0-8764-5921A5E9F31A} = {38BC2A2B-0A31-4EBD-826F-7980600333AD}
	EndGlobalSection
	GlobalSection(ExtensibilityGlobals) = postSolution
		SolutionGuid = {F15A6147-EE59-42D3-AC7D-0E6CE3F8E7D4}
	EndGlobalSection
EndGlobal
